
Microsoft Visual Studio Solution File, Format Version 12.00
Project("{FAE04EC0-301F-11D3-BF4B-00C04F79EFBC}") = "FakeAsync", "FakeAsync\FakeAsync.csproj", "{111BD13E-74CF-4103-8CC1-C457CE84CF37}"
EndProject
Project("{FAE04EC0-301F-11D3-BF4B-00C04F79EFBC}") = "FetchApi", "FetchApi\FetchApi.csproj", "{A4FD8281-2377-4C65-A7FB-2A6E60C2279D}"
EndProject
Project("{FAE04EC0-301F-11D3-BF4B-00C04F79EFBC}") = "DoWork", "DoWork\DoWork.csproj", "{4DB8A41B-9F34-4D9B-8B1B-2C4133F9E899}"
EndProject
Project("{FAE04EC0-301F-11D3-BF4B-00C04F79EFBC}") = "DiscoverParallel", "DiscoverParallel\DiscoverParallel.csproj", "{1FD4BDAA-69B8-43C8-B76D-EDD1D3D57750}"
EndProject
Project("{FAE04EC0-301F-11D3-BF4B-00C04F79EFBC}") = "PetitDej", "PetitDej\PetitDej.csproj", "{9D821470-A7DF-4C4F-BCCF-4074868B6078}"
EndProject
Project("{FAE04EC0-301F-11D3-BF4B-00C04F79EFBC}") = "FileReaderParallel", "FileReaderParallel\FileReaderParallel.csproj", "{3AFDDF73-A062-4883-8169-CA6772242727}"
EndProject
Global
	GlobalSection(SolutionConfigurationPlatforms) = preSolution
		Debug|Any CPU = Debug|Any CPU
		Release|Any CPU = Release|Any CPU
	EndGlobalSection
	GlobalSection(ProjectConfigurationPlatforms) = postSolution
		{111BD13E-74CF-4103-8CC1-C457CE84CF37}.Debug|Any CPU.ActiveCfg = Debug|Any CPU
		{111BD13E-74CF-4103-8CC1-C457CE84CF37}.Debug|Any CPU.Build.0 = Debug|Any CPU
		{111BD13E-74CF-4103-8CC1-C457CE84CF37}.Release|Any CPU.ActiveCfg = Release|Any CPU
		{111BD13E-74CF-4103-8CC1-C457CE84CF37}.Release|Any CPU.Build.0 = Release|Any CPU
		{A4FD8281-2377-4C65-A7FB-2A6E60C2279D}.Debug|Any CPU.ActiveCfg = Debug|Any CPU
		{A4FD8281-2377-4C65-A7FB-2A6E60C2279D}.Debug|Any CPU.Build.0 = Debug|Any CPU
		{A4FD8281-2377-4C65-A7FB-2A6E60C2279D}.Release|Any CPU.ActiveCfg = Release|Any CPU
		{A4FD8281-2377-4C65-A7FB-2A6E60C2279D}.Release|Any CPU.Build.0 = Release|Any CPU
		{4DB8A41B-9F34-4D9B-8B1B-2C4133F9E899}.Debug|Any CPU.ActiveCfg = Debug|Any CPU
		{4DB8A41B-9F34-4D9B-8B1B-2C4133F9E899}.Debug|Any CPU.Build.0 = Debug|Any CPU
		{4DB8A41B-9F34-4D9B-8B1B-2C4133F9E899}.Release|Any CPU.ActiveCfg = Release|Any CPU
		{4DB8A41B-9F34-4D9B-8B1B-2C4133F9E899}.Release|Any CPU.Build.0 = Release|Any CPU
		{1FD4BDAA-69B8-43C8-B76D-EDD1D3D57750}.Debug|Any CPU.ActiveCfg = Debug|Any CPU
		{1FD4BDAA-69B8-43C8-B76D-EDD1D3D57750}.Debug|Any CPU.Build.0 = Debug|Any CPU
		{1FD4BDAA-69B8-43C8-B76D-EDD1D3D57750}.Release|Any CPU.ActiveCfg = Release|Any CPU
		{1FD4BDAA-69B8-43C8-B76D-EDD1D3D57750}.Release|Any CPU.Build.0 = Release|Any CPU
		{9D821470-A7DF-4C4F-BCCF-4074868B6078}.Debug|Any CPU.ActiveCfg = Debug|Any CPU
		{9D821470-A7DF-4C4F-BCCF-4074868B6078}.Debug|Any CPU.Build.0 = Debug|Any CPU
		{9D821470-A7DF-4C4F-BCCF-4074868B6078}.Release|Any CPU.ActiveCfg = Release|Any CPU
		{9D821470-A7DF-4C4F-BCCF-4074868B6078}.Release|Any CPU.Build.0 = Release|Any CPU
		{3AFDDF73-A062-4883-8169-CA6772242727}.Debug|Any CPU.ActiveCfg = Debug|Any CPU
		{3AFDDF73-A062-4883-8169-CA6772242727}.Debug|Any CPU.Build.0 = Debug|Any CPU
		{3AFDDF73-A062-4883-8169-CA6772242727}.Release|Any CPU.ActiveCfg = Release|Any CPU
		{3AFDDF73-A062-4883-8169-CA6772242727}.Release|Any CPU.Build.0 = Release|Any CPU
	EndGlobalSection
EndGlobal
